
Microsoft Visual Studio Solution File, Format Version 12.00
# Visual Studio Version 17
VisualStudioVersion = 17.5.002.0
MinimumVisualStudioVersion = 10.0.40219.1
Project("{9A19103F-16F7-4668-BE54-9A1E7A4F7556}") = "az204-blob", "az204-blob.csproj", "{996431A0-9958-43A3-982F-B455EFA3E552}"
EndProject
Global
	GlobalSection(SolutionConfigurationPlatforms) = preSolution
		Debug|Any CPU = Debug|Any CPU
		Release|Any CPU = Release|Any CPU
	EndGlobalSection
	GlobalSection(ProjectConfigurationPlatforms) = postSolution
		{996431A0-9958-43A3-982F-B455EFA3E552}.Debug|Any CPU.ActiveCfg = Debug|Any CPU
		{996431A0-9958-43A3-982F-B455EFA3E552}.Debug|Any CPU.Build.0 = Debug|Any CPU
		{996431A0-9958-43A3-982F-B455EFA3E552}.Release|Any CPU.ActiveCfg = Release|Any CPU
		{996431A0-9958-43A3-982F-B455EFA3E552}.Release|Any CPU.Build.0 = Release|Any CPU
	EndGlobalSection
	GlobalSection(SolutionProperties) = preSolution
		HideSolutionNode = FALSE
	EndGlobalSection
	GlobalSection(ExtensibilityGlobals) = postSolution
		SolutionGuid = {9586C317-6832-43D3-B2A7-C7A91278BC5F}
	EndGlobalSection
EndGlobal
